
Microsoft Visual Studio Solution File, Format Version 12.00
# Visual Studio Version 17
VisualStudioVersion = 17.13.35931.197 d17.13
MinimumVisualStudioVersion = 10.0.40219.1
Project("{FAE04EC0-301F-11D3-BF4B-00C04F79EFBC}") = "frano-ferreteria", "frano-ferreteria\frano-ferreteria.csproj", "{4832A627-60F0-49CC-BB3E-A0E37B40F428}"
EndProject
Global
	GlobalSection(SolutionConfigurationPlatforms) = preSolution
		Debug|Any CPU = Debug|Any CPU
		Release|Any CPU = Release|Any CPU
	EndGlobalSection
	GlobalSection(ProjectConfigurationPlatforms) = postSolution
		{4832A627-60F0-49CC-BB3E-A0E37B40F428}.Debug|Any CPU.ActiveCfg = Debug|Any CPU
		{4832A627-60F0-49CC-BB3E-A0E37B40F428}.Debug|Any CPU.Build.0 = Debug|Any CPU
		{4832A627-60F0-49CC-BB3E-A0E37B40F428}.Release|Any CPU.ActiveCfg = Release|Any CPU
		{4832A627-60F0-49CC-BB3E-A0E37B40F428}.Release|Any CPU.Build.0 = Release|Any CPU
	EndGlobalSection
	GlobalSection(SolutionProperties) = preSolution
		HideSolutionNode = FALSE
	EndGlobalSection
	GlobalSection(ExtensibilityGlobals) = postSolution
		SolutionGuid = {FCECBDE7-DF5E-47B6-BA32-B0333FB3E2F8}
	EndGlobalSection
EndGlobal
